
Microsoft Visual Studio Solution File, Format Version 12.00
# Visual Studio Version 16
VisualStudioVersion = 16.0.30621.155
MinimumVisualStudioVersion = 10.0.40219.1
Project("{FAE04EC0-301F-11D3-BF4B-00C04F79EFBC}") = "HOTEL.BOOKING", "HOTEL.BOOKING\HOTEL.BOOKING.csproj", "{71E2C7ED-711E-431B-9B45-71FF5AA905AA}"
EndProject
Global
	GlobalSection(SolutionConfigurationPlatforms) = preSolution
		Debug|Any CPU = Debug|Any CPU
		Release|Any CPU = Release|Any CPU
	EndGlobalSection
	GlobalSection(ProjectConfigurationPlatforms) = postSolution
		{71E2C7ED-711E-431B-9B45-71FF5AA905AA}.Debug|Any CPU.ActiveCfg = Debug|Any CPU
		{71E2C7ED-711E-431B-9B45-71FF5AA905AA}.Debug|Any CPU.Build.0 = Debug|Any CPU
		{71E2C7ED-711E-431B-9B45-71FF5AA905AA}.Release|Any CPU.ActiveCfg = Release|Any CPU
		{71E2C7ED-711E-431B-9B45-71FF5AA905AA}.Release|Any CPU.Build.0 = Release|Any CPU
	EndGlobalSection
	GlobalSection(SolutionProperties) = preSolution
		HideSolutionNode = FALSE
	EndGlobalSection
	GlobalSection(ExtensibilityGlobals) = postSolution
		SolutionGuid = {5FE58BBF-EF20-402D-B5EB-15600CB236BA}
	EndGlobalSection
EndGlobal
